
Microsoft Visual Studio Solution File, Format Version 12.00
# Visual Studio Version 17
VisualStudioVersion = 17.6.33829.357
MinimumVisualStudioVersion = 10.0.40219.1
Project("{FAE04EC0-301F-11D3-BF4B-00C04F79EFBC}") = "MeteoBack", "MeteoBack\MeteoBack.csproj", "{03F46CDA-633A-4894-9D05-1848C92E7F30}"
EndProject
Global
	GlobalSection(SolutionConfigurationPlatforms) = preSolution
		Debug|Any CPU = Debug|Any CPU
		Release|Any CPU = Release|Any CPU
	EndGlobalSection
	GlobalSection(ProjectConfigurationPlatforms) = postSolution
		{03F46CDA-633A-4894-9D05-1848C92E7F30}.Debug|Any CPU.ActiveCfg = Debug|Any CPU
		{03F46CDA-633A-4894-9D05-1848C92E7F30}.Debug|Any CPU.Build.0 = Debug|Any CPU
		{03F46CDA-633A-4894-9D05-1848C92E7F30}.Release|Any CPU.ActiveCfg = Release|Any CPU
		{03F46CDA-633A-4894-9D05-1848C92E7F30}.Release|Any CPU.Build.0 = Release|Any CPU
	EndGlobalSection
	GlobalSection(SolutionProperties) = preSolution
		HideSolutionNode = FALSE
	EndGlobalSection
	GlobalSection(ExtensibilityGlobals) = postSolution
		SolutionGuid = {3645E7A3-6DD9-484A-8E5E-F14CDB2F4458}
	EndGlobalSection
EndGlobal
